
Microsoft Visual Studio Solution File, Format Version 12.00
# Visual Studio Version 17
VisualStudioVersion = 17.8.34525.116
MinimumVisualStudioVersion = 10.0.40219.1
Project("{FAE04EC0-301F-11D3-BF4B-00C04F79EFBC}") = "calculator", "calculator.csproj", "{6AA952EE-ADCA-4BF4-AC1C-B1F956C4B382}"
EndProject
Global
	GlobalSection(SolutionConfigurationPlatforms) = preSolution
		Debug|Any CPU = Debug|Any CPU
		Release|Any CPU = Release|Any CPU
	EndGlobalSection
	GlobalSection(ProjectConfigurationPlatforms) = postSolution
		{6AA952EE-ADCA-4BF4-AC1C-B1F956C4B382}.Debug|Any CPU.ActiveCfg = Debug|Any CPU
		{6AA952EE-ADCA-4BF4-AC1C-B1F956C4B382}.Debug|Any CPU.Build.0 = Debug|Any CPU
		{6AA952EE-ADCA-4BF4-AC1C-B1F956C4B382}.Release|Any CPU.ActiveCfg = Release|Any CPU
		{6AA952EE-ADCA-4BF4-AC1C-B1F956C4B382}.Release|Any CPU.Build.0 = Release|Any CPU
	EndGlobalSection
	GlobalSection(SolutionProperties) = preSolution
		HideSolutionNode = FALSE
	EndGlobalSection
	GlobalSection(ExtensibilityGlobals) = postSolution
		SolutionGuid = {1398A228-A729-48EC-A899-D7EA68D2F102}
	EndGlobalSection
EndGlobal
